
Microsoft Visual Studio Solution File, Format Version 12.00
# Visual Studio Version 16
VisualStudioVersion = 16.0.31321.278
MinimumVisualStudioVersion = 10.0.40219.1
Project("{9A19103F-16F7-4668-BE54-9A1E7A4F7556}") = "LcrSimulator", "LcrSimulator.csproj", "{04F11908-6429-438F-8DB9-71E083F0FC46}"
EndProject
Project("{9A19103F-16F7-4668-BE54-9A1E7A4F7556}") = "LeftCenterRight", "..\LeftCenterRight\LeftCenterRight.csproj", "{FD5C5162-1284-4656-BDB5-B0EE81B96398}"
EndProject
Project("{FAE04EC0-301F-11D3-BF4B-00C04F79EFBC}") = "LcrTests", "..\LcrTests\LcrTests.csproj", "{A6C8A0F0-5416-4AB9-9BE5-DC71ABE9A8F1}"
EndProject
Global
	GlobalSection(SolutionConfigurationPlatforms) = preSolution
		Debug|Any CPU = Debug|Any CPU
		Release|Any CPU = Release|Any CPU
	EndGlobalSection
	GlobalSection(ProjectConfigurationPlatforms) = postSolution
		{04F11908-6429-438F-8DB9-71E083F0FC46}.Debug|Any CPU.ActiveCfg = Debug|Any CPU
		{04F11908-6429-438F-8DB9-71E083F0FC46}.Debug|Any CPU.Build.0 = Debug|Any CPU
		{04F11908-6429-438F-8DB9-71E083F0FC46}.Release|Any CPU.ActiveCfg = Release|Any CPU
		{04F11908-6429-438F-8DB9-71E083F0FC46}.Release|Any CPU.Build.0 = Release|Any CPU
		{FD5C5162-1284-4656-BDB5-B0EE81B96398}.Debug|Any CPU.ActiveCfg = Debug|Any CPU
		{FD5C5162-1284-4656-BDB5-B0EE81B96398}.Debug|Any CPU.Build.0 = Debug|Any CPU
		{FD5C5162-1284-4656-BDB5-B0EE81B96398}.Release|Any CPU.ActiveCfg = Release|Any CPU
		{FD5C5162-1284-4656-BDB5-B0EE81B96398}.Release|Any CPU.Build.0 = Release|Any CPU
		{A6C8A0F0-5416-4AB9-9BE5-DC71ABE9A8F1}.Debug|Any CPU.ActiveCfg = Debug|Any CPU
		{A6C8A0F0-5416-4AB9-9BE5-DC71ABE9A8F1}.Debug|Any CPU.Build.0 = Debug|Any CPU
		{A6C8A0F0-5416-4AB9-9BE5-DC71ABE9A8F1}.Release|Any CPU.ActiveCfg = Release|Any CPU
		{A6C8A0F0-5416-4AB9-9BE5-DC71ABE9A8F1}.Release|Any CPU.Build.0 = Release|Any CPU
	EndGlobalSection
	GlobalSection(SolutionProperties) = preSolution
		HideSolutionNode = FALSE
	EndGlobalSection
	GlobalSection(ExtensibilityGlobals) = postSolution
		SolutionGuid = {0F484BA3-6BF5-4A9F-8B7B-51B1ADEF3408}
	EndGlobalSection
EndGlobal
